
Microsoft Visual Studio Solution File, Format Version 12.00
# Visual Studio Version 16
VisualStudioVersion = 16.0.31402.337
MinimumVisualStudioVersion = 10.0.40219.1
Project("{FAE04EC0-301F-11D3-BF4B-00C04F79EFBC}") = "sql db", "sql db.csproj", "{5972C5C0-B881-4330-8C87-35D15D707000}"
EndProject
Global
	GlobalSection(SolutionConfigurationPlatforms) = preSolution
		Debug|Any CPU = Debug|Any CPU
		Release|Any CPU = Release|Any CPU
	EndGlobalSection
	GlobalSection(ProjectConfigurationPlatforms) = postSolution
		{5972C5C0-B881-4330-8C87-35D15D707000}.Debug|Any CPU.ActiveCfg = Debug|Any CPU
		{5972C5C0-B881-4330-8C87-35D15D707000}.Debug|Any CPU.Build.0 = Debug|Any CPU
		{5972C5C0-B881-4330-8C87-35D15D707000}.Release|Any CPU.ActiveCfg = Release|Any CPU
		{5972C5C0-B881-4330-8C87-35D15D707000}.Release|Any CPU.Build.0 = Release|Any CPU
	EndGlobalSection
	GlobalSection(SolutionProperties) = preSolution
		HideSolutionNode = FALSE
	EndGlobalSection
	GlobalSection(ExtensibilityGlobals) = postSolution
		SolutionGuid = {5170CC88-8EE9-4773-B783-CC826ACE9F78}
	EndGlobalSection
EndGlobal
